
Microsoft Visual Studio Solution File, Format Version 12.00
# Visual Studio Version 17
VisualStudioVersion = 17.8.34309.116
MinimumVisualStudioVersion = 10.0.40219.1
Project("{FAE04EC0-301F-11D3-BF4B-00C04F79EFBC}") = "CakeShop", "CakeShop\CakeShop.csproj", "{04001D5E-18A5-4D70-B8C1-EE8FB3B4AA98}"
EndProject
Global
	GlobalSection(SolutionConfigurationPlatforms) = preSolution
		Debug|Any CPU = Debug|Any CPU
		Release|Any CPU = Release|Any CPU
	EndGlobalSection
	GlobalSection(ProjectConfigurationPlatforms) = postSolution
		{04001D5E-18A5-4D70-B8C1-EE8FB3B4AA98}.Debug|Any CPU.ActiveCfg = Debug|Any CPU
		{04001D5E-18A5-4D70-B8C1-EE8FB3B4AA98}.Debug|Any CPU.Build.0 = Debug|Any CPU
		{04001D5E-18A5-4D70-B8C1-EE8FB3B4AA98}.Release|Any CPU.ActiveCfg = Release|Any CPU
		{04001D5E-18A5-4D70-B8C1-EE8FB3B4AA98}.Release|Any CPU.Build.0 = Release|Any CPU
	EndGlobalSection
	GlobalSection(SolutionProperties) = preSolution
		HideSolutionNode = FALSE
	EndGlobalSection
	GlobalSection(ExtensibilityGlobals) = postSolution
		SolutionGuid = {68C41304-B83F-4E3F-BF9B-70C8EBC8ED35}
	EndGlobalSection
EndGlobal
