
Microsoft Visual Studio Solution File, Format Version 12.00
# Visual Studio Version 17
VisualStudioVersion = 17.7.34202.233
MinimumVisualStudioVersion = 10.0.40219.1
Project("{FAE04EC0-301F-11D3-BF4B-00C04F79EFBC}") = "CakeShop", "CakeShop\CakeShop.csproj", "{D844C101-ABC6-421C-A0B6-A9621CF16911}"
EndProject
Global
	GlobalSection(SolutionConfigurationPlatforms) = preSolution
		Debug|Any CPU = Debug|Any CPU
		Release|Any CPU = Release|Any CPU
	EndGlobalSection
	GlobalSection(ProjectConfigurationPlatforms) = postSolution
		{D844C101-ABC6-421C-A0B6-A9621CF16911}.Debug|Any CPU.ActiveCfg = Debug|Any CPU
		{D844C101-ABC6-421C-A0B6-A9621CF16911}.Debug|Any CPU.Build.0 = Debug|Any CPU
		{D844C101-ABC6-421C-A0B6-A9621CF16911}.Release|Any CPU.ActiveCfg = Release|Any CPU
		{D844C101-ABC6-421C-A0B6-A9621CF16911}.Release|Any CPU.Build.0 = Release|Any CPU
	EndGlobalSection
	GlobalSection(SolutionProperties) = preSolution
		HideSolutionNode = FALSE
	EndGlobalSection
	GlobalSection(ExtensibilityGlobals) = postSolution
		SolutionGuid = {5CA18FAF-7301-4E96-82B1-67A992CDF789}
	EndGlobalSection
EndGlobal
